// !$*UTF8*$!
{
	archiveVersion = 1;
	classes = {
	};
	objectVersion = 56;
	objects = {

/* Begin PBXBuildFile section */
		E361DAB42BFB1F71000BF122 /* AppDelegate.swift in Sources */ = {isa = PBXBuildFile; fileRef = E361DAB32BFB1F71000BF122 /* AppDelegate.swift */; };
		E361DAB62BFB1F71000BF122 /* SceneDelegate.swift in Sources */ = {isa = PBXBuildFile; fileRef = E361DAB52BFB1F71000BF122 /* SceneDelegate.swift */; };
		E361DAB82BFB1F71000BF122 /* ViewController.swift in Sources */ = {isa = PBXBuildFile; fileRef = E361DAB72BFB1F71000BF122 /* ViewController.swift */; };
		E361DABB2BFB1F71000BF122 /* Base in Resources */ = {isa = PBXBuildFile; fileRef = E361DABA2BFB1F71000BF122 /* Base */; };
		E361DABD2BFB1F71000BF122 /* Assets.xcassets in Resources */ = {isa = PBXBuildFile; fileRef = E361DABC2BFB1F71000BF122 /* Assets.xcassets */; };
		E361DAC02BFB1F71000BF122 /* Base in Resources */ = {isa = PBXBuildFile; fileRef = E361DABF2BFB1F71000BF122 /* Base */; };
		E361DACB2BFB1F72000BF122 /* LoginProjectTests.swift in Sources */ = {isa = PBXBuildFile; fileRef = E361DACA2BFB1F72000BF122 /* LoginProjectTests.swift */; };
		E361DAD52BFB1F72000BF122 /* LoginProjectUITests.swift in Sources */ = {isa = PBXBuildFile; fileRef = E361DAD42BFB1F72000BF122 /* LoginProjectUITests.swift */; };
		E361DAD72BFB1F72000BF122 /* LoginProjectUITestsLaunchTests.swift in Sources */ = {isa = PBXBuildFile; fileRef = E361DAD62BFB1F72000BF122 /* LoginProjectUITestsLaunchTests.swift */; };
		E3B069F52C034F6F000DF80C /* LoginView.swift in Sources */ = {isa = PBXBuildFile; fileRef = E3B069F42C034F6F000DF80C /* LoginView.swift */; };
/* End PBXBuildFile section */

/* Begin PBXContainerItemProxy section */
		E361DAC72BFB1F72000BF122 /* PBXContainerItemProxy */ = {
			isa = PBXContainerItemProxy;
			containerPortal = E361DAA82BFB1F71000BF122 /* Project object */;
			proxyType = 1;
			remoteGlobalIDString = E361DAAF2BFB1F71000BF122;
			remoteInfo = LoginProject;
		};
		E361DAD12BFB1F72000BF122 /* PBXContainerItemProxy */ = {
			isa = PBXContainerItemProxy;
			containerPortal = E361DAA82BFB1F71000BF122 /* Project object */;
			proxyType = 1;
			remoteGlobalIDString = E361DAAF2BFB1F71000BF122;
			remoteInfo = LoginProject;
		};
/* End PBXContainerItemProxy section */

/* Begin PBXFileReference section */
		E361DAB02BFB1F71000BF122 /* LoginProject.app */ = {isa = PBXFileReference; explicitFileType = wrapper.application; includeInIndex = 0; path = LoginProject.app; sourceTree = BUILT_PRODUCTS_DIR; };
		E361DAB32BFB1F71000BF122 /* AppDelegate.swift */ = {isa = PBXFileReference; lastKnownFileType = sourcecode.swift; path = AppDelegate.swift; sourceTree = "<group>"; };
		E361DAB52BFB1F71000BF122 /* SceneDelegate.swift */ = {isa = PBXFileReference; lastKnownFileType = sourcecode.swift; path = SceneDelegate.swift; sourceTree = "<group>"; };
		E361DAB72BFB1F71000BF122 /* ViewController.swift */ = {isa = PBXFileReference; lastKnownFileType = sourcecode.swift; path = ViewController.swift; sourceTree = "<group>"; };
		E361DABA2BFB1F71000BF122 /* Base */ = {isa = PBXFileReference; lastKnownFileType = file.storyboard; name = Base; path = Base.lproj/Main.storyboard; sourceTree = "<group>"; };
		E361DABC2BFB1F71000BF122 /* Assets.xcassets */ = {isa = PBXFileReference; lastKnownFileType = folder.assetcatalog; path = Assets.xcassets; sourceTree = "<group>"; };
		E361DABF2BFB1F71000BF122 /* Base */ = {isa = PBXFileReference; lastKnownFileType = file.storyboard; name = Base; path = Base.lproj/LaunchScreen.storyboard; sourceTree = "<group>"; };
		E361DAC12BFB1F71000BF122 /* Info.plist */ = {isa = PBXFileReference; lastKnownFileType = text.plist.xml; path = Info.plist; sourceTree = "<group>"; };
		E361DAC62BFB1F72000BF122 /* LoginProjectTests.xctest */ = {isa = PBXFileReference; explicitFileType = wrapper.cfbundle; includeInIndex = 0; path = LoginProjectTests.xctest; sourceTree = BUILT_PRODUCTS_DIR; };
		E361DACA2BFB1F72000BF122 /* LoginProjectTests.swift */ = {isa = PBXFileReference; lastKnownFileType = sourcecode.swift; path = LoginProjectTests.swift; sourceTree = "<group>"; };
		E361DAD02BFB1F72000BF122 /* LoginProjectUITests.xctest */ = {isa = PBXFileReference; explicitFileType = wrapper.cfbundle; includeInIndex = 0; path = LoginProjectUITests.xctest; sourceTree = BUILT_PRODUCTS_DIR; };
		E361DAD42BFB1F72000BF122 /* LoginProjectUITests.swift */ = {isa = PBXFileReference; lastKnownFileType = sourcecode.swift; path = LoginProjectUITests.swift; sourceTree = "<group>"; };
		E361DAD62BFB1F72000BF122 /* LoginProjectUITestsLaunchTests.swift */ = {isa = PBXFileReference; lastKnownFileType = sourcecode.swift; path = LoginProjectUITestsLaunchTests.swift; sourceTree = "<group>"; };
		E3B069F42C034F6F000DF80C /* LoginView.swift */ = {isa = PBXFileReference; lastKnownFileType = sourcecode.swift; path = LoginView.swift; sourceTree = "<group>"; };
/* End PBXFileReference section */

/* Begin PBXFrameworksBuildPhase section */
		E361DAAD2BFB1F71000BF122 /* Frameworks */ = {
			isa = PBXFrameworksBuildPhase;
			buildActionMask = 2147483647;
			files = (
			);
			runOnlyForDeploymentPostprocessing = 0;
		};
		E361DAC32BFB1F72000BF122 /* Frameworks */ = {
			isa = PBXFrameworksBuildPhase;
			buildActionMask = 2147483647;
			files = (
			);
			runOnlyForDeploymentPostprocessing = 0;
		};
		E361DACD2BFB1F72000BF122 /* Frameworks */ = {
			isa = PBXFrameworksBuildPhase;
			buildActionMask = 2147483647;
			files = (
			);
			runOnlyForDeploymentPostprocessing = 0;
		};
/* End PBXFrameworksBuildPhase section */

/* Begin PBXGroup section */
		E361DAA72BFB1F71000BF122 = {
			isa = PBXGroup;
			children = (
				E361DAB22BFB1F71000BF122 /* LoginProject */,
				E361DAC92BFB1F72000BF122 /* LoginProjectTests */,
				E361DAD32BFB1F72000BF122 /* LoginProjectUITests */,
				E361DAB12BFB1F71000BF122 /* Products */,
			);
			sourceTree = "<group>";
		};
		E361DAB12BFB1F71000BF122 /* Products */ = {
			isa = PBXGroup;
			children = (
				E361DAB02BFB1F71000BF122 /* LoginProject.app */,
				E361DAC62BFB1F72000BF122 /* LoginProjectTests.xctest */,
				E361DAD02BFB1F72000BF122 /* LoginProjectUITests.xctest */,
			);
			name = Products;
			sourceTree = "<group>";
		};
		E361DAB22BFB1F71000BF122 /* LoginProject */ = {
			isa = PBXGroup;
			children = (
				E361DAB32BFB1F71000BF122 /* AppDelegate.swift */,
				E361DAB52BFB1F71000BF122 /* SceneDelegate.swift */,
				E3B069F22C034F20000DF80C /* Views */,
				E3B069F32C034F26000DF80C /* Controllers */,
				E361DAB92BFB1F71000BF122 /* Main.storyboard */,
				E361DABC2BFB1F71000BF122 /* Assets.xcassets */,
				E361DABE2BFB1F71000BF122 /* LaunchScreen.storyboard */,
				E361DAC12BFB1F71000BF122 /* Info.plist */,
			);
			path = LoginProject;
			sourceTree = "<group>";
		};
		E361DAC92BFB1F72000BF122 /* LoginProjectTests */ = {
			isa = PBXGroup;
			children = (
				E361DACA2BFB1F72000BF122 /* LoginProjectTests.swift */,
			);
			path = LoginProjectTests;
			sourceTree = "<group>";
		};
		E361DAD32BFB1F72000BF122 /* LoginProjectUITests */ = {
			isa = PBXGroup;
			children = (
				E361DAD42BFB1F72000BF122 /* LoginProjectUITests.swift */,
				E361DAD62BFB1F72000BF122 /* LoginProjectUITestsLaunchTests.swift */,
			);
			path = LoginProjectUITests;
			sourceTree = "<group>";
		};
		E3B069F22C034F20000DF80C /* Views */ = {
			isa = PBXGroup;
			children = (
				E3B069F42C034F6F000DF80C /* LoginView.swift */,
			);
			path = Views;
			sourceTree = "<group>";
		};
		E3B069F32C034F26000DF80C /* Controllers */ = {
			isa = PBXGroup;
			children = (
				E361DAB72BFB1F71000BF122 /* ViewController.swift */,
			);
			path = Controllers;
			sourceTree = "<group>";
		};
/* End PBXGroup section */

/* Begin PBXNativeTarget section */
		E361DAAF2BFB1F71000BF122 /* LoginProject */ = {
			isa = PBXNativeTarget;
			buildConfigurationList = E361DADA2BFB1F72000BF122 /* Build configuration list for PBXNativeTarget "LoginProject" */;
			buildPhases = (
				E361DAAC2BFB1F71000BF122 /* Sources */,
				E361DAAD2BFB1F71000BF122 /* Frameworks */,
				E361DAAE2BFB1F71000BF122 /* Resources */,
			);
			buildRules = (
			);
			dependencies = (
			);
			name = LoginProject;
			productName = LoginProject;
			productReference = E361DAB02BFB1F71000BF122 /* LoginProject.app */;
			productType = "com.apple.product-type.application";
		};
		E361DAC52BFB1F72000BF122 /* LoginProjectTests */ = {
			isa = PBXNativeTarget;
			buildConfigurationList = E361DADD2BFB1F72000BF122 /* Build configuration list for PBXNativeTarget "LoginProjectTests" */;
			buildPhases = (
				E361DAC22BFB1F72000BF122 /* Sources */,
				E361DAC32BFB1F72000BF122 /* Frameworks */,
				E361DAC42BFB1F72000BF122 /* Resources */,
			);
			buildRules = (
			);
			dependencies = (
				E361DAC82BFB1F72000BF122 /* PBXTargetDependency */,
			);
			name = LoginProjectTests;
			productName = LoginProjectTests;
			productReference = E361DAC62BFB1F72000BF122 /* LoginProjectTests.xctest */;
			productType = "com.apple.product-type.bundle.unit-test";
		};
		E361DACF2BFB1F72000BF122 /* LoginProjectUITests */ = {
			isa = PBXNativeTarget;
			buildConfigurationList = E361DAE02BFB1F72000BF122 /* Build configuration list for PBXNativeTarget "LoginProjectUITests" */;
			buildPhases = (
				E361DACC2BFB1F72000BF122 /* Sources */,
				E361DACD2BFB1F72000BF122 /* Frameworks */,
				E361DACE2BFB1F72000BF122 /* Resources */,
			);
			buildRules = (
			);
			dependencies = (
				E361DAD22BFB1F72000BF122 /* PBXTargetDependency */,
			);
			name = LoginProjectUITests;
			productName = LoginProjectUITests;
			productReference = E361DAD02BFB1F72000BF122 /* LoginProjectUITests.xctest */;
			productType = "com.apple.product-type.bundle.ui-testing";
		};
/* End PBXNativeTarget section */

/* Begin PBXProject section */
		E361DAA82BFB1F71000BF122 /* Project object */ = {
			isa = PBXProject;
			attributes = {
				BuildIndependentTargetsInParallel = 1;
				LastSwiftUpdateCheck = 1530;
				LastUpgradeCheck = 1530;
				TargetAttributes = {
					E361DAAF2BFB1F71000BF122 = {
						CreatedOnToolsVersion = 15.3;
					};
					E361DAC52BFB1F72000BF122 = {
						CreatedOnToolsVersion = 15.3;
						TestTargetID = E361DAAF2BFB1F71000BF122;
					};
					E361DACF2BFB1F72000BF122 = {
						CreatedOnToolsVersion = 15.3;
						TestTargetID = E361DAAF2BFB1F71000BF122;
					};
				};
			};
			buildConfigurationList = E361DAAB2BFB1F71000BF122 /* Build configuration list for PBXProject "LoginProject" */;
			compatibilityVersion = "Xcode 14.0";
			developmentRegion = en;
			hasScannedForEncodings = 0;
			knownRegions = (
				en,
				Base,
			);
			mainGroup = E361DAA72BFB1F71000BF122;
			productRefGroup = E361DAB12BFB1F71000BF122 /* Products */;
			projectDirPath = "";
			projectRoot = "";
			targets = (
				E361DAAF2BFB1F71000BF122 /* LoginProject */,
				E361DAC52BFB1F72000BF122 /* LoginProjectTests */,
				E361DACF2BFB1F72000BF122 /* LoginProjectUITests */,
			);
		};
/* End PBXProject section */

/* Begin PBXResourcesBuildPhase section */
		E361DAAE2BFB1F71000BF122 /* Resources */ = {
			isa = PBXResourcesBuildPhase;
			buildActionMask = 2147483647;
			files = (
				E361DABD2BFB1F71000BF122 /* Assets.xcassets in Resources */,
				E361DAC02BFB1F71000BF122 /* Base in Resources */,
				E361DABB2BFB1F71000BF122 /* Base in Resources */,
			);
			runOnlyForDeploymentPostprocessing = 0;
		};
		E361DAC42BFB1F72000BF122 /* Resources */ = {
			isa = PBXResourcesBuildPhase;
			buildActionMask = 2147483647;
			files = (
			);
			runOnlyForDeploymentPostprocessing = 0;
		};
		E361DACE2BFB1F72000BF122 /* Resources */ = {
			isa = PBXResourcesBuildPhase;
			buildActionMask = 2147483647;
			files = (
			);
			runOnlyForDeploymentPostprocessing = 0;
		};
/* End PBXResourcesBuildPhase section */

/* Begin PBXSourcesBuildPhase section */
		E361DAAC2BFB1F71000BF122 /* Sources */ = {
			isa = PBXSourcesBuildPhase;
			buildActionMask = 2147483647;
			files = (
				E361DAB82BFB1F71000BF122 /* ViewController.swift in Sources */,
				E361DAB42BFB1F71000BF122 /* AppDelegate.swift in Sources */,
				E3B069F52C034F6F000DF80C /* LoginView.swift in Sources */,
				E361DAB62BFB1F71000BF122 /* SceneDelegate.swift in Sources */,
			);
			runOnlyForDeploymentPostprocessing = 0;
		};
		E361DAC22BFB1F72000BF122 /* Sources */ = {
			isa = PBXSourcesBuildPhase;
			buildActionMask = 2147483647;
			files = (
				E361DACB2BFB1F72000BF122 /* LoginProjectTests.swift in Sources */,
			);
			runOnlyForDeploymentPostprocessing = 0;
		};
		E361DACC2BFB1F72000BF122 /* Sources */ = {
			isa = PBXSourcesBuildPhase;
			buildActionMask = 2147483647;
			files = (
				E361DAD72BFB1F72000BF122 /* LoginProjectUITestsLaunchTests.swift in Sources */,
				E361DAD52BFB1F72000BF122 /* LoginProjectUITests.swift in Sources */,
			);
			runOnlyForDeploymentPostprocessing = 0;
		};
/* End PBXSourcesBuildPhase section */

/* Begin PBXTargetDependency section */
		E361DAC82BFB1F72000BF122 /* PBXTargetDependency */ = {
			isa = PBXTargetDependency;
			target = E361DAAF2BFB1F71000BF122 /* LoginProject */;
			targetProxy = E361DAC72BFB1F72000BF122 /* PBXContainerItemProxy */;
		};
		E361DAD22BFB1F72000BF122 /* PBXTargetDependency */ = {
			isa = PBXTargetDependency;
			target = E361DAAF2BFB1F71000BF122 /* LoginProject */;
			targetProxy = E361DAD12BFB1F72000BF122 /* PBXContainerItemProxy */;
		};
/* End PBXTargetDependency section */

/* Begin PBXVariantGroup section */
		E361DAB92BFB1F71000BF122 /* Main.storyboard */ = {
			isa = PBXVariantGroup;
			children = (
				E361DABA2BFB1F71000BF122 /* Base */,
			);
			name = Main.storyboard;
			sourceTree = "<group>";
		};
		E361DABE2BFB1F71000BF122 /* LaunchScreen.storyboard */ = {
			isa = PBXVariantGroup;
			children = (
				E361DABF2BFB1F71000BF122 /* Base */,
			);
			name = LaunchScreen.storyboard;
			sourceTree = "<group>";
		};
/* End PBXVariantGroup section */

/* Begin XCBuildConfiguration section */
		E361DAD82BFB1F72000BF122 /* Debug */ = {
			isa = XCBuildConfiguration;
			buildSettings = {
				ALWAYS_SEARCH_USER_PATHS = NO;
				ASSETCATALOG_COMPILER_GENERATE_SWIFT_ASSET_SYMBOL_EXTENSIONS = YES;
				CLANG_ANALYZER_NONNULL = YES;
				CLANG_ANALYZER_NUMBER_OBJECT_CONVERSION = YES_AGGRESSIVE;
				CLANG_CXX_LANGUAGE_STANDARD = "gnu++20";
				CLANG_ENABLE_MODULES = YES;
				CLANG_ENABLE_OBJC_ARC = YES;
				CLANG_ENABLE_OBJC_WEAK = YES;
				CLANG_WARN_BLOCK_CAPTURE_AUTORELEASING = YES;
				CLANG_WARN_BOOL_CONVERSION = YES;
				CLANG_WARN_COMMA = YES;
				CLANG_WARN_CONSTANT_CONVERSION = YES;
				CLANG_WARN_DEPRECATED_OBJC_IMPLEMENTATIONS = YES;
				CLANG_WARN_DIRECT_OBJC_ISA_USAGE = YES_ERROR;
				CLANG_WARN_DOCUMENTATION_COMMENTS = YES;
				CLANG_WARN_EMPTY_BODY = YES;
				CLANG_WARN_ENUM_CONVERSION = YES;
				CLANG_WARN_INFINITE_RECURSION = YES;
				CLANG_WARN_INT_CONVERSION = YES;
				CLANG_WARN_NON_LITERAL_NULL_CONVERSION = YES;
				CLANG_WARN_OBJC_IMPLICIT_RETAIN_SELF = YES;
				CLANG_WARN_OBJC_LITERAL_CONVERSION = YES;
				CLANG_WARN_OBJC_ROOT_CLASS = YES_ERROR;
				CLANG_WARN_QUOTED_INCLUDE_IN_FRAMEWORK_HEADER = YES;
				CLANG_WARN_RANGE_LOOP_ANALYSIS = YES;
				CLANG_WARN_STRICT_PROTOTYPES = YES;
				CLANG_WARN_SUSPICIOUS_MOVE = YES;
				CLANG_WARN_UNGUARDED_AVAILABILITY = YES_AGGRESSIVE;
				CLANG_WARN_UNREACHABLE_CODE = YES;
				CLANG_WARN__DUPLICATE_METHOD_MATCH = YES;
				COPY_PHASE_STRIP = NO;
				DEBUG_INFORMATION_FORMAT = dwarf;
				ENABLE_STRICT_OBJC_MSGSEND = YES;
				ENABLE_TESTABILITY = YES;
				ENABLE_USER_SCRIPT_SANDBOXING = YES;
				GCC_C_LANGUAGE_STANDARD = gnu17;
				GCC_DYNAMIC_NO_PIC = NO;
				GCC_NO_COMMON_BLOCKS = YES;
				GCC_OPTIMIZATION_LEVEL = 0;
				GCC_PREPROCESSOR_DEFINITIONS = (
					"DEBUG=1",
					"$(inherited)",
				);
				GCC_WARN_64_TO_32_BIT_CONVERSION = YES;
				GCC_WARN_ABOUT_RETURN_TYPE = YES_ERROR;
				GCC_WARN_UNDECLARED_SELECTOR = YES;
				GCC_WARN_UNINITIALIZED_AUTOS = YES_AGGRESSIVE;
				GCC_WARN_UNUSED_FUNCTION = YES;
				GCC_WARN_UNUSED_VARIABLE = YES;
				IPHONEOS_DEPLOYMENT_TARGET = 17.4;
				LOCALIZATION_PREFERS_STRING_CATALOGS = YES;
				MTL_ENABLE_DEBUG_INFO = INCLUDE_SOURCE;
				MTL_FAST_MATH = YES;
				ONLY_ACTIVE_ARCH = YES;
				SDKROOT = iphoneos;
				SWIFT_ACTIVE_COMPILATION_CONDITIONS = "DEBUG $(inherited)";
				SWIFT_OPTIMIZATION_LEVEL = "-Onone";
			};
			name = Debug;
		};
		E361DAD92BFB1F72000BF122 /* Release */ = {
			isa = XCBuildConfiguration;
			buildSettings = {
				ALWAYS_SEARCH_USER_PATHS = NO;
				ASSETCATALOG_COMPILER_GENERATE_SWIFT_ASSET_SYMBOL_EXTENSIONS = YES;
				CLANG_ANALYZER_NONNULL = YES;
				CLANG_ANALYZER_NUMBER_OBJECT_CONVERSION = YES_AGGRESSIVE;
				CLANG_CXX_LANGUAGE_STANDARD = "gnu++20";
				CLANG_ENABLE_MODULES = YES;
				CLANG_ENABLE_OBJC_ARC = YES;
				CLANG_ENABLE_OBJC_WEAK = YES;
				CLANG_WARN_BLOCK_CAPTURE_AUTORELEASING = YES;
				CLANG_WARN_BOOL_CONVERSION = YES;
				CLANG_WARN_COMMA = YES;
				CLANG_WARN_CONSTANT_CONVERSION = YES;
				CLANG_WARN_DEPRECATED_OBJC_IMPLEMENTATIONS = YES;
				CLANG_WARN_DIRECT_OBJC_ISA_USAGE = YES_ERROR;
				CLANG_WARN_DOCUMENTATION_COMMENTS = YES;
				CLANG_WARN_EMPTY_BODY = YES;
				CLANG_WARN_ENUM_CONVERSION = YES;
				CLANG_WARN_INFINITE_RECURSION = YES;
				CLANG_WARN_INT_CONVERSION = YES;
				CLANG_WARN_NON_LITERAL_NULL_CONVERSION = YES;
				CLANG_WARN_OBJC_IMPLICIT_RETAIN_SELF = YES;
				CLANG_WARN_OBJC_LITERAL_CONVERSION = YES;
				CLANG_WARN_OBJC_ROOT_CLASS = YES_ERROR;
				CLANG_WARN_QUOTED_INCLUDE_IN_FRAMEWORK_HEADER = YES;
				CLANG_WARN_RANGE_LOOP_ANALYSIS = YES;
				CLANG_WARN_STRICT_PROTOTYPES = YES;
				CLANG_WARN_SUSPICIOUS_MOVE = YES;
				CLANG_WARN_UNGUARDED_AVAILABILITY = YES_AGGRESSIVE;
				CLANG_WARN_UNREACHABLE_CODE = YES;
				CLANG_WARN__DUPLICATE_METHOD_MATCH = YES;
				COPY_PHASE_STRIP = NO;
				DEBUG_INFORMATION_FORMAT = "dwarf-with-dsym";
				ENABLE_NS_ASSERTIONS = NO;
				ENABLE_STRICT_OBJC_MSGSEND = YES;
				ENABLE_USER_SCRIPT_SANDBOXING = YES;
				GCC_C_LANGUAGE_STANDARD = gnu17;
				GCC_NO_COMMON_BLOCKS = YES;
				GCC_WARN_64_TO_32_BIT_CONVERSION = YES;
				GCC_WARN_ABOUT_RETURN_TYPE = YES_ERROR;
				GCC_WARN_UNDECLARED_SELECTOR = YES;
				GCC_WARN_UNINITIALIZED_AUTOS = YES_AGGRESSIVE;
				GCC_WARN_UNUSED_FUNCTION = YES;
				GCC_WARN_UNUSED_VARIABLE = YES;
				IPHONEOS_DEPLOYMENT_TARGET = 17.4;
				LOCALIZATION_PREFERS_STRING_CATALOGS = YES;
				MTL_ENABLE_DEBUG_INFO = NO;
				MTL_FAST_MATH = YES;
				SDKROOT = iphoneos;
				SWIFT_COMPILATION_MODE = wholemodule;
				VALIDATE_PRODUCT = YES;
			};
			name = Release;
		};
		E361DADB2BFB1F72000BF122 /* Debug */ = {
			isa = XCBuildConfiguration;
			buildSettings = {
				ASSETCATALOG_COMPILER_APPICON_NAME = AppIcon;
				ASSETCATALOG_COMPILER_GLOBAL_ACCENT_COLOR_NAME = AccentColor;
				CODE_SIGN_STYLE = Automatic;
				CURRENT_PROJECT_VERSION = 1;
				GENERATE_INFOPLIST_FILE = YES;
				INFOPLIST_FILE = LoginProject/Info.plist;
				INFOPLIST_KEY_UIApplicationSupportsIndirectInputEvents = YES;
				INFOPLIST_KEY_UILaunchStoryboardName = LaunchScreen;
				INFOPLIST_KEY_UIMainStoryboardFile = Main;
				INFOPLIST_KEY_UISupportedInterfaceOrientations = UIInterfaceOrientationPortrait;
				LD_RUNPATH_SEARCH_PATHS = (
					"$(inherited)",
					"@executable_path/Frameworks",
				);
				MARKETING_VERSION = 1.0;
				PRODUCT_BUNDLE_IDENTIFIER = won.LoginProject;
				PRODUCT_NAME = "$(TARGET_NAME)";
				SWIFT_EMIT_LOC_STRINGS = YES;
				SWIFT_VERSION = 5.0;
				TARGETED_DEVICE_FAMILY = "1,2";
			};
			name = Debug;
		};
		E361DADC2BFB1F72000BF122 /* Release */ = {
			isa = XCBuildConfiguration;
			buildSettings = {
				ASSETCATALOG_COMPILER_APPICON_NAME = AppIcon;
				ASSETCATALOG_COMPILER_GLOBAL_ACCENT_COLOR_NAME = AccentColor;
				CODE_SIGN_STYLE = Automatic;
				CURRENT_PROJECT_VERSION = 1;
				GENERATE_INFOPLIST_FILE = YES;
				INFOPLIST_FILE = LoginProject/Info.plist;
				INFOPLIST_KEY_UIApplicationSupportsIndirectInputEvents = YES;
				INFOPLIST_KEY_UILaunchStoryboardName = LaunchScreen;
				INFOPLIST_KEY_UIMainStoryboardFile = Main;
				INFOPLIST_KEY_UISupportedInterfaceOrientations = UIInterfaceOrientationPortrait;
				LD_RUNPATH_SEARCH_PATHS = (
					"$(inherited)",
					"@executable_path/Frameworks",
				);
				MARKETING_VERSION = 1.0;
				PRODUCT_BUNDLE_IDENTIFIER = won.LoginProject;
				PRODUCT_NAME = "$(TARGET_NAME)";
				SWIFT_EMIT_LOC_STRINGS = YES;
				SWIFT_VERSION = 5.0;
				TARGETED_DEVICE_FAMILY = "1,2";
			};
			name = Release;
		};
		E361DADE2BFB1F72000BF122 /* Debug */ = {
			isa = XCBuildConfiguration;
			buildSettings = {
				ALWAYS_EMBED_SWIFT_STANDARD_LIBRARIES = YES;
				BUNDLE_LOADER = "$(TEST_HOST)";
				CODE_SIGN_STYLE = Automatic;
				CURRENT_PROJECT_VERSION = 1;
				GENERATE_INFOPLIST_FILE = YES;
				IPHONEOS_DEPLOYMENT_TARGET = 17.4;
				MARKETING_VERSION = 1.0;
				PRODUCT_BUNDLE_IDENTIFIER = won.LoginProjectTests;
				PRODUCT_NAME = "$(TARGET_NAME)";
				SWIFT_EMIT_LOC_STRINGS = NO;
				SWIFT_VERSION = 5.0;
				TARGETED_DEVICE_FAMILY = "1,2";
				TEST_HOST = "$(BUILT_PRODUCTS_DIR)/LoginProject.app/$(BUNDLE_EXECUTABLE_FOLDER_PATH)/LoginProject";
			};
			name = Debug;
		};
		E361DADF2BFB1F72000BF122 /* Release */ = {
			isa = XCBuildConfiguration;
			buildSettings = {
				ALWAYS_EMBED_SWIFT_STANDARD_LIBRARIES = YES;
				BUNDLE_LOADER = "$(TEST_HOST)";
				CODE_SIGN_STYLE = Automatic;
				CURRENT_PROJECT_VERSION = 1;
				GENERATE_INFOPLIST_FILE = YES;
				IPHONEOS_DEPLOYMENT_TARGET = 17.4;
				MARKETING_VERSION = 1.0;
				PRODUCT_BUNDLE_IDENTIFIER = won.LoginProjectTests;
				PRODUCT_NAME = "$(TARGET_NAME)";
				SWIFT_EMIT_LOC_STRINGS = NO;
				SWIFT_VERSION = 5.0;
				TARGETED_DEVICE_FAMILY = "1,2";
				TEST_HOST = "$(BUILT_PRODUCTS_DIR)/LoginProject.app/$(BUNDLE_EXECUTABLE_FOLDER_PATH)/LoginProject";
			};
			name = Release;
		};
		E361DAE12BFB1F72000BF122 /* Debug */ = {
			isa = XCBuildConfiguration;
			buildSettings = {
				ALWAYS_EMBED_SWIFT_STANDARD_LIBRARIES = YES;
				CODE_SIGN_STYLE = Automatic;
				CURRENT_PROJECT_VERSION = 1;
				GENERATE_INFOPLIST_FILE = YES;
				MARKETING_VERSION = 1.0;
				PRODUCT_BUNDLE_IDENTIFIER = won.LoginProjectUITests;
				PRODUCT_NAME = "$(TARGET_NAME)";
				SWIFT_EMIT_LOC_STRINGS = NO;
				SWIFT_VERSION = 5.0;
				TARGETED_DEVICE_FAMILY = "1,2";
				TEST_TARGET_NAME = LoginProject;
			};
			name = Debug;
		};
		E361DAE22BFB1F72000BF122 /* Release */ = {
			isa = XCBuildConfiguration;
			buildSettings = {
				ALWAYS_EMBED_SWIFT_STANDARD_LIBRARIES = YES;
				CODE_SIGN_STYLE = Automatic;
				CURRENT_PROJECT_VERSION = 1;
				GENERATE_INFOPLIST_FILE = YES;
				MARKETING_VERSION = 1.0;
				PRODUCT_BUNDLE_IDENTIFIER = won.LoginProjectUITests;
				PRODUCT_NAME = "$(TARGET_NAME)";
				SWIFT_EMIT_LOC_STRINGS = NO;
				SWIFT_VERSION = 5.0;
				TARGETED_DEVICE_FAMILY = "1,2";
				TEST_TARGET_NAME = LoginProject;
			};
			name = Release;
		};
/* End XCBuildConfiguration section */

/* Begin XCConfigurationList section */
		E361DAAB2BFB1F71000BF122 /* Build configuration list for PBXProject "LoginProject" */ = {
			isa = XCConfigurationList;
			buildConfigurations = (
				E361DAD82BFB1F72000BF122 /* Debug */,
				E361DAD92BFB1F72000BF122 /* Release */,
			);
			defaultConfigurationIsVisible = 0;
			defaultConfigurationName = Release;
		};
		E361DADA2BFB1F72000BF122 /* Build configuration list for PBXNativeTarget "LoginProject" */ = {
			isa = XCConfigurationList;
			buildConfigurations = (
				E361DADB2BFB1F72000BF122 /* Debug */,
				E361DADC2BFB1F72000BF122 /* Release */,
			);
			defaultConfigurationIsVisible = 0;
			defaultConfigurationName = Release;
		};
		E361DADD2BFB1F72000BF122 /* Build configuration list for PBXNativeTarget "LoginProjectTests" */ = {
			isa = XCConfigurationList;
			buildConfigurations = (
				E361DADE2BFB1F72000BF122 /* Debug */,
				E361DADF2BFB1F72000BF122 /* Release */,
			);
			defaultConfigurationIsVisible = 0;
			defaultConfigurationName = Release;
		};
		E361DAE02BFB1F72000BF122 /* Build configuration list for PBXNativeTarget "LoginProjectUITests" */ = {
			isa = XCConfigurationList;
			buildConfigurations = (
				E361DAE12BFB1F72000BF122 /* Debug */,
				E361DAE22BFB1F72000BF122 /* Release */,
			);
			defaultConfigurationIsVisible = 0;
			defaultConfigurationName = Release;
		};
/* End XCConfigurationList section */
	};
	rootObject = E361DAA82BFB1F71000BF122 /* Project object */;
}
